<?xml version="1.0" encoding="utf-8"?>
<Project ToolsVersion="4.0" xmlns="http://schemas.microsoft.com/developer/msbuild/2003">
  <ItemGroup>
    <Filter Include="Quelldateien">
      <UniqueIdentifier>{4FC737F1-C7A5-4376-A066-2A32D752A2FF}</UniqueIdentifier>
      <Extensions>cpp;c;cc;cxx;def;odl;idl;hpj;bat;asm;asmx</Extensions>
    </Filter>
    <Filter Include="Headerdateien">
      <UniqueIdentifier>{93995380-89BD-4b04-88EB-625FBE52EBFB}</UniqueIdentifier>
      <Extensions>h;hh;hpp;hxx;hm;inl;inc;ipp;xsd</Extensions>
    </Filter>
    <Filter Include="Ressourcendateien">
      <UniqueIdentifier>{67DA6AB6-F800-4c08-8B7A-83BB121AAD01}</UniqueIdentifier>
      <Extensions>rc;ico;cur;bmp;dlg;rc2;rct;bin;rgs;gif;jpg;jpeg;jpe;resx;tiff;tif;png;wav;mfcribbon-ms</Extensions>
    </Filter>
    <Filter Include="Headerdateien\Engine">
      <UniqueIdentifier>{0fb440fe-66d6-4b9a-b555-6944b8f1e3d2}</UniqueIdentifier>
    </Filter>
    <Filter Include="Quelldateien\Engine">
      <UniqueIdentifier>{c8147f72-a163-4302-85fe-c8f932018fd8}</UniqueIdentifier>
    </Filter>
  </ItemGroup>
  <ItemGroup>
    <ClInclude Include="targetver.h">
      <Filter>Headerdateien</Filter>
    </ClInclude>
    <ClInclude Include="Resource.h">
      <Filter>Headerdateien</Filter>
    </ClInclude>
    <ClInclude Include="D3D12_Engine_Test.h">
      <Filter>Headerdateien</Filter>
    </ClInclude>
    <ClInclude Include="Engine\CommandAllocator.h">
      <Filter>Headerdateien\Engine</Filter>
    </ClInclude>
    <ClInclude Include="Engine\CommandList.h">
      <Filter>Headerdateien\Engine</Filter>
    </ClInclude>
    <ClInclude Include="Engine\CommandQueue.h">
      <Filter>Headerdateien\Engine</Filter>
    </ClInclude>
    <ClInclude Include="Engine\ConstantBuffer.h">
      <Filter>Headerdateien\Engine</Filter>
    </ClInclude>
    <ClInclude Include="Engine\DescriptorHeap.h">
      <Filter>Headerdateien\Engine</Filter>
    </ClInclude>
    <ClInclude Include="Engine\Fence.h">
      <Filter>Headerdateien\Engine</Filter>
    </ClInclude>
    <ClInclude Include="Engine\GraphicsDevice.h">
      <Filter>Headerdateien\Engine</Filter>
    </ClInclude>
    <ClInclude Include="Engine\PipelineState.h">
      <Filter>Headerdateien\Engine</Filter>
    </ClInclude>
    <ClInclude Include="Engine\RenderTarget.h">
      <Filter>Headerdateien\Engine</Filter>
    </ClInclude>
    <ClInclude Include="Engine\RootParameter.h">
      <Filter>Headerdateien\Engine</Filter>
    </ClInclude>
    <ClInclude Include="Engine\RootSignature.h">
      <Filter>Headerdateien\Engine</Filter>
    </ClInclude>
    <ClInclude Include="Engine\Sampler.h">
      <Filter>Headerdateien\Engine</Filter>
    </ClInclude>
    <ClInclude Include="Engine\SwapChain.h">
      <Filter>Headerdateien\Engine</Filter>
    </ClInclude>
    <ClInclude Include="Engine\Texture2D.h">
      <Filter>Headerdateien\Engine</Filter>
    </ClInclude>
    <ClInclude Include="Engine\VertexBuffer.h">
      <Filter>Headerdateien\Engine</Filter>
    </ClInclude>
    <ClInclude Include="Engine\d3dx12.h">
      <Filter>Headerdateien\Engine</Filter>
    </ClInclude>
    <ClInclude Include="Engine\IndexBuffer.h">
      <Filter>Headerdateien\Engine</Filter>
    </ClInclude>
    <ClInclude Include="D3D12_Engine.h">
      <Filter>Headerdateien\Engine</Filter>
    </ClInclude>
    <ClInclude Include="Engine\Buffer.h">
      <Filter>Headerdateien\Engine</Filter>
    </ClInclude>
    <ClInclude Include="Engine\DXR_PipelineState.h">
      <Filter>Headerdateien\Engine</Filter>
    </ClInclude>
    <ClInclude Include="Engine\Framework.h">
      <Filter>Headerdateien\Engine</Filter>
    </ClInclude>
    <ClInclude Include="GLM\glm\glm.hpp">
      <Filter>Headerdateien</Filter>
    </ClInclude>
    <ClInclude Include="GLM\glm\gtx\euler_angles.hpp">
      <Filter>Headerdateien</Filter>
    </ClInclude>
    <ClInclude Include="GLM\glm\gtx\transform.hpp">
      <Filter>Headerdateien</Filter>
    </ClInclude>
    <ClInclude Include="Engine\DXR_ACS.h">
      <Filter>Headerdateien\Engine</Filter>
    </ClInclude>
    <ClInclude Include="Engine\DXR_ACS_BOT.h">
      <Filter>Headerdateien\Engine</Filter>
    </ClInclude>
    <ClInclude Include="Engine\DXR_ACS_TOP.h">
      <Filter>Headerdateien\Engine</Filter>
    </ClInclude>
    <ClInclude Include="Engine\DXR_RootSignature.h">
      <Filter>Headerdateien\Engine</Filter>
    </ClInclude>
    <ClInclude Include="Engine\DXR_ShaderTable.h">
      <Filter>Headerdateien\Engine</Filter>
    </ClInclude>
    <ClInclude Include="Events.h">
      <Filter>Headerdateien</Filter>
    </ClInclude>
    <ClInclude Include="Engine\Shader.h">
      <Filter>Headerdateien\Engine</Filter>
    </ClInclude>
    <ClInclude Include="happly.h">
      <Filter>Headerdateien</Filter>
    </ClInclude>
    <ClInclude Include="Engine\Window.h">
      <Filter>Headerdateien\Engine</Filter>
    </ClInclude>
    <ClInclude Include="Engine\ContentManager.h">
      <Filter>Headerdateien\Engine</Filter>
    </ClInclude>
    <ClInclude Include="d3dx12.h">
      <Filter>Headerdateien</Filter>
    </ClInclude>
  </ItemGroup>
  <ItemGroup>
    <ClCompile Include="D3D12_Engine_Test.cpp">
      <Filter>Quelldateien</Filter>
    </ClCompile>
    <ClCompile Include="Engine\CommandAllocator.cpp">
      <Filter>Quelldateien\Engine</Filter>
    </ClCompile>
    <ClCompile Include="Engine\CommandList.cpp">
      <Filter>Quelldateien\Engine</Filter>
    </ClCompile>
    <ClCompile Include="Engine\CommandQueue.cpp">
      <Filter>Quelldateien\Engine</Filter>
    </ClCompile>
    <ClCompile Include="Engine\ConstantBuffer.cpp">
      <Filter>Quelldateien\Engine</Filter>
    </ClCompile>
    <ClCompile Include="Engine\DescriptorHeap.cpp">
      <Filter>Quelldateien\Engine</Filter>
    </ClCompile>
    <ClCompile Include="Engine\Fence.cpp">
      <Filter>Quelldateien\Engine</Filter>
    </ClCompile>
    <ClCompile Include="Engine\GraphicsDevice.cpp">
      <Filter>Quelldateien\Engine</Filter>
    </ClCompile>
    <ClCompile Include="Engine\PipelineState.cpp">
      <Filter>Quelldateien\Engine</Filter>
    </ClCompile>
    <ClCompile Include="Engine\RenderTarget.cpp">
      <Filter>Quelldateien\Engine</Filter>
    </ClCompile>
    <ClCompile Include="Engine\RootParameter.cpp">
      <Filter>Quelldateien\Engine</Filter>
    </ClCompile>
    <ClCompile Include="Engine\RootSignature.cpp">
      <Filter>Quelldateien\Engine</Filter>
    </ClCompile>
    <ClCompile Include="Engine\Sampler.cpp">
      <Filter>Quelldateien\Engine</Filter>
    </ClCompile>
    <ClCompile Include="Engine\SwapChain.cpp">
      <Filter>Quelldateien\Engine</Filter>
    </ClCompile>
    <ClCompile Include="Engine\Texture2D.cpp">
      <Filter>Quelldateien\Engine</Filter>
    </ClCompile>
    <ClCompile Include="Engine\VertexBuffer.cpp">
      <Filter>Quelldateien\Engine</Filter>
    </ClCompile>
    <ClCompile Include="Engine\IndexBuffer.cpp">
      <Filter>Quelldateien\Engine</Filter>
    </ClCompile>
    <ClCompile Include="Engine\Buffer.cpp">
      <Filter>Quelldateien\Engine</Filter>
    </ClCompile>
    <ClCompile Include="Engine\DXR_PipelineState.cpp">
      <Filter>Quelldateien\Engine</Filter>
    </ClCompile>
    <ClCompile Include="Engine\Framework.cpp">
      <Filter>Quelldateien\Engine</Filter>
    </ClCompile>
    <ClCompile Include="Engine\DXR_ACS.cpp">
      <Filter>Quelldateien\Engine</Filter>
    </ClCompile>
    <ClCompile Include="Engine\DXR_ACS_BOT.cpp">
      <Filter>Quelldateien\Engine</Filter>
    </ClCompile>
    <ClCompile Include="Engine\DXR_ACS_TOP.cpp">
      <Filter>Quelldateien\Engine</Filter>
    </ClCompile>
    <ClCompile Include="Engine\DXR_RootSignature.cpp">
      <Filter>Quelldateien\Engine</Filter>
    </ClCompile>
    <ClCompile Include="Engine\DXR_ShaderTable.cpp">
      <Filter>Quelldateien\Engine</Filter>
    </ClCompile>
    <ClCompile Include="Engine\Shader.cpp">
      <Filter>Quelldateien\Engine</Filter>
    </ClCompile>
    <ClCompile Include="Engine\Window.cpp">
      <Filter>Quelldateien\Engine</Filter>
    </ClCompile>
    <ClCompile Include="Engine\ContentManager.cpp">
      <Filter>Quelldateien\Engine</Filter>
    </ClCompile>
  </ItemGroup>
  <ItemGroup>
    <ResourceCompile Include="D3D12_Engine_Test.rc">
      <Filter>Ressourcendateien</Filter>
    </ResourceCompile>
  </ItemGroup>
  <ItemGroup>
    <Image Include="small.ico">
      <Filter>Ressourcendateien</Filter>
    </Image>
    <Image Include="D3D12_Engine_Test.ico">
      <Filter>Ressourcendateien</Filter>
    </Image>
    <Image Include="braynzar.jpg">
      <Filter>Ressourcendateien</Filter>
    </Image>
  </ItemGroup>
  <ItemGroup>
    <FxCompile Include="PixelShader.hlsl">
      <Filter>Ressourcendateien</Filter>
    </FxCompile>
    <FxCompile Include="VertexShader.hlsl">
      <Filter>Ressourcendateien</Filter>
    </FxCompile>
  </ItemGroup>
  <ItemGroup>
    <None Include="TemporalSampling.hlsl">
      <Filter>Ressourcendateien</Filter>
    </None>
    <None Include="BilateralFilter_vertical.hlsl">
      <Filter>Ressourcendateien</Filter>
    </None>
    <None Include="BilateralFilter.hlsl">
      <Filter>Ressourcendateien</Filter>
    </None>
    <None Include="DXR_Shader.hlsl" />
  </ItemGroup>
</Project>